{
  "version": "5",
  "redirects": {
    "https://esm.sh/@borewit/text-codec@^0.2.1?target=denonext": "https://esm.sh/@borewit/text-codec@0.2.2?target=denonext",
    "https://esm.sh/@borewit/text-codec@^0.2.2?target=denonext": "https://esm.sh/@borewit/text-codec@0.2.2?target=denonext",
    "https://esm.sh/@tokenizer/inflate@^0.4.1?target=denonext": "https://esm.sh/@tokenizer/inflate@0.4.1?target=denonext",
    "https://esm.sh/content-type@^1.0.5?target=denonext": "https://esm.sh/content-type@1.0.5?target=denonext",
    "https://esm.sh/debug@^4.4.3?target=denonext": "https://esm.sh/debug@4.4.3?target=denonext",
    "https://esm.sh/file-type@^21.3.1?target=denonext": "https://esm.sh/file-type@21.3.4?target=denonext",
    "https://esm.sh/ieee754@^1.2.1?target=denonext": "https://esm.sh/ieee754@1.2.1?target=denonext",
    "https://esm.sh/media-typer@^1.1.0?target=denonext": "https://esm.sh/media-typer@1.1.0?target=denonext",
    "https://esm.sh/ms@^2.1.3?target=denonext": "https://esm.sh/ms@2.1.3?target=denonext",
    "https://esm.sh/music-metadata": "https://esm.sh/music-metadata@11.12.3",
    "https://esm.sh/strtok3@^10.3.4/core?target=denonext": "https://esm.sh/strtok3@10.3.5/core?target=denonext",
    "https://esm.sh/strtok3@^10.3.4?target=denonext": "https://esm.sh/strtok3@10.3.5?target=denonext",
    "https://esm.sh/supports-color?target=denonext": "https://esm.sh/supports-color@10.2.2?target=denonext",
    "https://esm.sh/token-types@^6.1.1?target=denonext": "https://esm.sh/token-types@6.1.2?target=denonext",
    "https://esm.sh/token-types@^6.1.2?target=denonext": "https://esm.sh/token-types@6.1.2?target=denonext",
    "https://esm.sh/uint8array-extras@^1.4.0?target=denonext": "https://esm.sh/uint8array-extras@1.5.0?target=denonext",
    "https://esm.sh/uint8array-extras@^1.5.0?target=denonext": "https://esm.sh/uint8array-extras@1.5.0?target=denonext",
    "https://esm.sh/win-guid@^0.2.1?target=denonext": "https://esm.sh/win-guid@0.2.1?target=denonext"
  },
  "remote": {
    "https://deno.land/std@0.168.0/async/abortable.ts": "80b2ac399f142cc528f95a037a7d0e653296352d95c681e284533765961de409",
    "https://deno.land/std@0.168.0/async/deadline.ts": "2c2deb53c7c28ca1dda7a3ad81e70508b1ebc25db52559de6b8636c9278fd41f",
    "https://deno.land/std@0.168.0/async/debounce.ts": "60301ffb37e730cd2d6f9dadfd0ecb2a38857681bd7aaf6b0a106b06e5210a98",
    "https://deno.land/std@0.168.0/async/deferred.ts": "77d3f84255c3627f1cc88699d8472b664d7635990d5358c4351623e098e917d6",
    "https://deno.land/std@0.168.0/async/delay.ts": "5a9bfba8de38840308a7a33786a0155a7f6c1f7a859558ddcec5fe06e16daf57",
    "https://deno.land/std@0.168.0/async/mod.ts": "7809ad4bb223e40f5fdc043e5c7ca04e0e25eed35c32c3c32e28697c553fa6d9",
    "https://deno.land/std@0.168.0/async/mux_async_iterator.ts": "770a0ff26c59f8bbbda6b703a2235f04e379f73238e8d66a087edc68c2a2c35f",
    "https://deno.land/std@0.168.0/async/pool.ts": "6854d8cd675a74c73391c82005cbbe4cc58183bddcd1fbbd7c2bcda42b61cf69",
    "https://deno.land/std@0.168.0/async/retry.ts": "e8e5173623915bbc0ddc537698fa418cf875456c347eda1ed453528645b42e67",
    "https://deno.land/std@0.168.0/async/tee.ts": "3a47cc4e9a940904fd4341f0224907e199121c80b831faa5ec2b054c6d2eff5e",
    "https://deno.land/std@0.168.0/http/server.ts": "e99c1bee8a3f6571ee4cdeb2966efad465b8f6fe62bec1bdb59c1f007cc4d155",
    "https://deno.land/std@0.192.0/collections/filter_values.ts": "5b9feaf17b9a6e5ffccdd36cf6f38fa4ffa94cff2602d381c2ad0c2a97929652",
    "https://deno.land/std@0.192.0/collections/without_all.ts": "a89f5da0b5830defed4f59666e188df411d8fece35a5f6ca69be6ca71a95c185",
    "https://deno.land/std@0.192.0/dotenv/mod.ts": "f5a8123741d1561ae8184a7f043bc097b15132c5171c651142b804b6dbc21853",
    "https://esm.sh/@borewit/text-codec@0.2.2/denonext/text-codec.mjs": "35275d8fc6101649522624d022648400519da6db1a4ed76609e98ffdc370d6ef",
    "https://esm.sh/@borewit/text-codec@0.2.2?target=denonext": "4552ec1b63822d483e318605655c56ecbcce48c6999a3eea59700f8b754c80fe",
    "https://esm.sh/@tokenizer/inflate@0.4.1/denonext/inflate.mjs": "b669c696a08c289eb0181078e5bf006f48acea8166960a182ad02c0ecdd45463",
    "https://esm.sh/@tokenizer/inflate@0.4.1?target=denonext": "16f2a4ed43a1df6d9dc6b353f735877d01ec17f01701a0880f6f71f381a38f91",
    "https://esm.sh/content-type@1.0.5/denonext/content-type.mjs": "6fd962b99a80821956a22379aded6b7ca37cfbf95be5639047437e03211e1b56",
    "https://esm.sh/content-type@1.0.5?target=denonext": "9eb28c5db95297f2dc51214da829cd8d7b7f3d7bf17dcbf2f60f300173ca8343",
    "https://esm.sh/debug@4.4.3/denonext/debug.mjs": "76c71326f78377cc7252a22502b6c058ad13c06d77abda67e670555659f7974e",
    "https://esm.sh/debug@4.4.3?target=denonext": "9df8b8806c13297f96185899110f8146b8b0c7944847c8392cbfb4e730a634dd",
    "https://esm.sh/file-type@21.3.4/denonext/file-type.mjs": "90a55a3c4389506009cd7c4a1837e8c3e689bfbb89cc7ee0f183a4a41d3b2a00",
    "https://esm.sh/file-type@21.3.4?target=denonext": "1cbbaba03d9f5131a8b5f33f7d775b1837b52245f785d0daeaff7bb117cf500b",
    "https://esm.sh/ieee754@1.2.1/denonext/ieee754.mjs": "6e87635f6124ae21ea355a521f021a04afc277248bd5097dc85edce4d7017f86",
    "https://esm.sh/ieee754@1.2.1?target=denonext": "b8839b7562d93529fd58ec105fa4230b816e3dd0a2dd35e3d3b07cae2f16ae97",
    "https://esm.sh/media-typer@1.1.0/denonext/media-typer.mjs": "3dc6174765452b8271cad4031a308c8015c67bee4de2b0aff5daec36cb1b766e",
    "https://esm.sh/media-typer@1.1.0?target=denonext": "8d2581e00eea8816b1bd4a698ad68e928402b462e697077e9fffb1e960e25d50",
    "https://esm.sh/ms@2.1.3/denonext/ms.mjs": "9039464da1f4ae1c2042742d335c82556c048bbe49449b5d0cd5198193afa147",
    "https://esm.sh/ms@2.1.3?target=denonext": "36f5aa7503ff0ff44ce9e3155a60362d8d3ae5db8db048be5764a3a515b6a263",
    "https://esm.sh/music-metadata@11.12.3": "c163c2fa6e27d48d100746a281845a45e5c3f846389c75ac94bf9b554398520b",
    "https://esm.sh/music-metadata@11.12.3/denonext/lib/aiff/AiffParser.mjs": "2bc3c137314a989467f904a85a5b69d93aeb064df4baaefedbdcb4b1cce61b1a",
    "https://esm.sh/music-metadata@11.12.3/denonext/lib/apev2/APEv2Parser.mjs": "bad75a82fae0e6925d64e4ae2b5907bba8c16e1cb9675084daa881a29f98185c",
    "https://esm.sh/music-metadata@11.12.3/denonext/lib/asf/AsfParser.mjs": "d460465a468733904a8bcb30b6d8161697d37cff51e2b75628928e1bab356655",
    "https://esm.sh/music-metadata@11.12.3/denonext/lib/dsdiff/DsdiffParser.mjs": "e11959e26d32b4ec3ea92f0b037944008099ca96494f8d920b51c0dc0e78762a",
    "https://esm.sh/music-metadata@11.12.3/denonext/lib/dsf/DsfParser.mjs": "c52758d9fc72685b6019b1521210a31e4ccf853852c24b3646943a1ecf0b28a0",
    "https://esm.sh/music-metadata@11.12.3/denonext/lib/flac/FlacParser.mjs": "18e0c917299c620cdd52e658b2d2050d3a0b848fb178555dafa43045aea5b1aa",
    "https://esm.sh/music-metadata@11.12.3/denonext/lib/matroska/MatroskaParser.mjs": "51c07e1440db7abdb76d562e951e20735b6d201864ae9760e348e45b4e353bcc",
    "https://esm.sh/music-metadata@11.12.3/denonext/lib/mp4/MP4Parser.mjs": "0d2fcbcd9c4a66f8cb86ba563909a3b1f2c7b348306d599529fad6b8b16a6153",
    "https://esm.sh/music-metadata@11.12.3/denonext/lib/mpeg/MpegParser.mjs": "73bee16e72a8a8d57255d12d72cd1a747031e1fb4649aee0c74ffc57587d63e4",
    "https://esm.sh/music-metadata@11.12.3/denonext/lib/musepack/MusepackParser.mjs": "f288e8e079bba4c7af906bc6e0254832ce80fca7eb44c86afbe2158af0f3df9b",
    "https://esm.sh/music-metadata@11.12.3/denonext/lib/ogg/OggParser.mjs": "86a2ff811e21f8c3e885c1a6d5b38b6848b6d3aa075aa43e44f983e1d36b32e6",
    "https://esm.sh/music-metadata@11.12.3/denonext/lib/wav/WaveParser.mjs": "fbaf1072f980c058e550ceaeda7620751389b071c86de6d2ab5fcf512c7bac46",
    "https://esm.sh/music-metadata@11.12.3/denonext/lib/wavpack/WavPackParser.mjs": "1a6e3035cfd82ad1fe24ca2eb6b57c8cf85f3982be5f6a46c1897bcdc2b5c71f",
    "https://esm.sh/music-metadata@11.12.3/denonext/music-metadata.mjs": "7152a07b5ff6d570fdb564525259872c0a61f68728e61af1c9f84846ba7df439",
    "https://esm.sh/strtok3@10.3.5/core?target=denonext": "cb9b392cf80783f3f8ec2402795dfd2b97dd8fb469e674ddc835143e45d43430",
    "https://esm.sh/strtok3@10.3.5/denonext/core.mjs": "ba5a31e8658fd84a1087f481b2b17d20dfe67f1c2b1f2dc94cfdabdfea9a0cae",
    "https://esm.sh/strtok3@10.3.5/denonext/lib/stream/AbstractStreamReader.mjs": "72104975223308c8302de20eaa18850eaf7ac8aa74403d5855765865f1be408d",
    "https://esm.sh/strtok3@10.3.5/denonext/lib/stream/Errors.mjs": "7b98b84d5803b85105bd89cd04c4fa0f1132fcc1a08a344623e01f76e45b668c",
    "https://esm.sh/strtok3@10.3.5/denonext/lib/stream/index.mjs": "327f0bc95b01979bc81699b0158a784d614dc2edb55996dff47f2e4e7d146c67",
    "https://esm.sh/strtok3@10.3.5/denonext/strtok3.mjs": "47fd92d45faaf386ddabeb6f407b5ffb2897d9c3768b9868fc94771d5ad85f7d",
    "https://esm.sh/strtok3@10.3.5?target=denonext": "10c814b3038cd6a3ec2a24dc0033d42486071d3a555bbaaba7b579fbe0370f92",
    "https://esm.sh/supports-color@10.2.2/denonext/supports-color.mjs": "a263c0229c209e3fed166348cd02e96f08996902c9e8e7c6de4ac50c8ee2a748",
    "https://esm.sh/supports-color@10.2.2?target=denonext": "f938c90ae6175cd0ec937dabb90259b115033d9dfde267b69566089f06f92d06",
    "https://esm.sh/token-types@6.1.2/denonext/token-types.mjs": "09b75fec4b53889c95bbbb2fec67cad6a7913d4e5928822386a1fd1d8c698ef4",
    "https://esm.sh/token-types@6.1.2?target=denonext": "f3631e810966e3e882f5cc837f31cb71dbffe2251ebc287ec14cee9af76597d3",
    "https://esm.sh/uint8array-extras@1.5.0/denonext/uint8array-extras.mjs": "660b5b7967799e1ab7274f0062b66fc33a86c68df583429d8c52fa0b32332ae9",
    "https://esm.sh/uint8array-extras@1.5.0?target=denonext": "04a46e303f8dc389be14886417be8ac772550255f6801a33411511711cdb3546",
    "https://esm.sh/win-guid@0.2.1/denonext/win-guid.mjs": "0f527ce1b52ab9f14d949cb79e413deaaa0df8d869fc6884561734a758e73077",
    "https://esm.sh/win-guid@0.2.1?target=denonext": "18147c20688f62c1455a1de27024d8f7e6278d9a581b3e0d3adebda114eeccf5"
  },
  "workspace": {
    "packageJson": {
      "dependencies": [
        "npm:@aws-sdk/client-s3@^3.1047.0",
        "npm:@aws-sdk/s3-request-presigner@^3.1047.0",
        "npm:@ducanh2912/next-pwa@^10.2.9",
        "npm:@eslint/eslintrc@^3.3.1",
        "npm:@floating-ui/react-dom@^2.1.6",
        "npm:@formkit/drag-and-drop@~0.5.3",
        "npm:@supabase/ssr@~0.10.2",
        "npm:@supabase/supabase-js@^2.105.1",
        "npm:@tailwindcss/postcss@4",
        "npm:@tanstack/react-query-devtools@^5.100.10",
        "npm:@tanstack/react-query@^5.100.10",
        "npm:@types/node@20",
        "npm:@types/react-dom@^19.2.3",
        "npm:@types/react-transition-group@^4.4.12",
        "npm:@types/react@^19.2.14",
        "npm:@typescript-eslint/eslint-plugin@^8.44.1",
        "npm:@typescript-eslint/parser@^8.44.1",
        "npm:@vercel/analytics@^2.0.1",
        "npm:backblaze-b2@^1.7.1",
        "npm:clsx@^2.1.1",
        "npm:cronstrue@^3.3.0",
        "npm:cypress-plugin-tab@^1.0.5",
        "npm:cypress-real-events@^1.15.0",
        "npm:cypress@^15.6.0",
        "npm:date-fns@^4.1.0",
        "npm:eslint-config-next@^16.2.4",
        "npm:eslint-config-prettier@^10.1.8",
        "npm:eslint@^9.36.0",
        "npm:framer-motion@^12.38.0",
        "npm:hls.js@^1.6.15",
        "npm:lucide-react@^1.14.0",
        "npm:next-intl@^4.11.0",
        "npm:next@^16.2.4",
        "npm:prettier-plugin-sort-json@^4.1.1",
        "npm:prettier-plugin-tailwindcss@~0.6.14",
        "npm:react-dom@^19.2.5",
        "npm:react-transition-group@^4.4.5",
        "npm:react@^19.2.5",
        "npm:slate-history@~0.113.1",
        "npm:slate-react@~0.117.4",
        "npm:slate@~0.118.1",
        "npm:sonner@^2.0.7",
        "npm:supabase@^2.98.2",
        "npm:tailwind-merge@^3.3.1",
        "npm:tailwindcss@4",
        "npm:ts-morph@28",
        "npm:tus-js-client@^4.3.1",
        "npm:typescript@5",
        "npm:zod-to-json-schema@^3.25.2",
        "npm:zod@^4.4.3"
      ]
    }
  }
}
