{
  "version": "5",
  "remote": {
    "https://deno.land/std@0.168.0/async/abortable.ts": "80b2ac399f142cc528f95a037a7d0e653296352d95c681e284533765961de409",
    "https://deno.land/std@0.168.0/async/deadline.ts": "2c2deb53c7c28ca1dda7a3ad81e70508b1ebc25db52559de6b8636c9278fd41f",
    "https://deno.land/std@0.168.0/async/debounce.ts": "60301ffb37e730cd2d6f9dadfd0ecb2a38857681bd7aaf6b0a106b06e5210a98",
    "https://deno.land/std@0.168.0/async/deferred.ts": "77d3f84255c3627f1cc88699d8472b664d7635990d5358c4351623e098e917d6",
    "https://deno.land/std@0.168.0/async/delay.ts": "5a9bfba8de38840308a7a33786a0155a7f6c1f7a859558ddcec5fe06e16daf57",
    "https://deno.land/std@0.168.0/async/mod.ts": "7809ad4bb223e40f5fdc043e5c7ca04e0e25eed35c32c3c32e28697c553fa6d9",
    "https://deno.land/std@0.168.0/async/mux_async_iterator.ts": "770a0ff26c59f8bbbda6b703a2235f04e379f73238e8d66a087edc68c2a2c35f",
    "https://deno.land/std@0.168.0/async/pool.ts": "6854d8cd675a74c73391c82005cbbe4cc58183bddcd1fbbd7c2bcda42b61cf69",
    "https://deno.land/std@0.168.0/async/retry.ts": "e8e5173623915bbc0ddc537698fa418cf875456c347eda1ed453528645b42e67",
    "https://deno.land/std@0.168.0/async/tee.ts": "3a47cc4e9a940904fd4341f0224907e199121c80b831faa5ec2b054c6d2eff5e",
    "https://deno.land/std@0.168.0/http/server.ts": "e99c1bee8a3f6571ee4cdeb2966efad465b8f6fe62bec1bdb59c1f007cc4d155",
    "https://deno.land/std@0.192.0/collections/filter_values.ts": "5b9feaf17b9a6e5ffccdd36cf6f38fa4ffa94cff2602d381c2ad0c2a97929652",
    "https://deno.land/std@0.192.0/collections/without_all.ts": "a89f5da0b5830defed4f59666e188df411d8fece35a5f6ca69be6ca71a95c185",
    "https://deno.land/std@0.192.0/dotenv/mod.ts": "f5a8123741d1561ae8184a7f043bc097b15132c5171c651142b804b6dbc21853"
  },
  "workspace": {
    "packageJson": {
      "dependencies": [
        "npm:@aws-sdk/client-s3@^3.1047.0",
        "npm:@aws-sdk/s3-request-presigner@^3.1047.0",
        "npm:@eslint/eslintrc@^3.3.1",
        "npm:@floating-ui/react-dom@^2.1.6",
        "npm:@formkit/drag-and-drop@~0.5.3",
        "npm:@supabase/ssr@~0.10.2",
        "npm:@supabase/supabase-js@^2.105.1",
        "npm:@tailwindcss/postcss@4",
        "npm:@tanstack/react-query-devtools@^5.100.10",
        "npm:@tanstack/react-query@^5.100.10",
        "npm:@types/node@20",
        "npm:@types/react-dom@^19.2.3",
        "npm:@types/react-transition-group@^4.4.12",
        "npm:@types/react@^19.2.14",
        "npm:@typescript-eslint/eslint-plugin@^8.44.1",
        "npm:@typescript-eslint/parser@^8.44.1",
        "npm:@vercel/analytics@^2.0.1",
        "npm:backblaze-b2@^1.7.1",
        "npm:clsx@^2.1.1",
        "npm:cronstrue@^3.3.0",
        "npm:cypress-plugin-tab@^1.0.5",
        "npm:cypress-real-events@^1.15.0",
        "npm:cypress@^15.6.0",
        "npm:date-fns@^4.1.0",
        "npm:eslint-config-next@^16.2.4",
        "npm:eslint-config-prettier@^10.1.8",
        "npm:eslint@^9.36.0",
        "npm:framer-motion@^12.38.0",
        "npm:hls.js@^1.6.15",
        "npm:lucide-react@^1.14.0",
        "npm:next-intl@^4.11.0",
        "npm:next@^16.2.4",
        "npm:prettier-plugin-sort-json@^4.1.1",
        "npm:prettier-plugin-tailwindcss@~0.6.14",
        "npm:react-dom@^19.2.5",
        "npm:react-transition-group@^4.4.5",
        "npm:react@^19.2.5",
        "npm:slate-history@~0.113.1",
        "npm:slate-react@~0.117.4",
        "npm:slate@~0.118.1",
        "npm:sonner@^2.0.7",
        "npm:supabase@^2.98.2",
        "npm:tailwind-merge@^3.3.1",
        "npm:tailwindcss@4",
        "npm:tus-js-client@^4.3.1",
        "npm:typescript@5",
        "npm:zod@^4.4.3"
      ]
    }
  }
}
